
Microsoft Visual Studio Solution File, Format Version 12.00
Project("{FAE04EC0-301F-11D3-BF4B-00C04F79EFBC}") = "CalculatedCharacteristics", "CalculatedCharacteristics\CalculatedCharacteristics.csproj", "{19B54D6F-EDAE-46B3-8779-6D5DEAE95454}"
EndProject
Project("{FAE04EC0-301F-11D3-BF4B-00C04F79EFBC}") = "CalculatedCharacteristics.Tests", "CalculatedCharacteristics.Tests\CalculatedCharacteristics.Tests.csproj", "{4CB2DBF9-7809-41C7-8563-58BEF7405139}"
EndProject
Global
	GlobalSection(SolutionConfigurationPlatforms) = preSolution
		Debug|Any CPU = Debug|Any CPU
		Release|Any CPU = Release|Any CPU
	EndGlobalSection
	GlobalSection(ProjectConfigurationPlatforms) = postSolution
		{19B54D6F-EDAE-46B3-8779-6D5DEAE95454}.Debug|Any CPU.ActiveCfg = Debug|Any CPU
		{19B54D6F-EDAE-46B3-8779-6D5DEAE95454}.Debug|Any CPU.Build.0 = Debug|Any CPU
		{19B54D6F-EDAE-46B3-8779-6D5DEAE95454}.Release|Any CPU.ActiveCfg = Release|Any CPU
		{19B54D6F-EDAE-46B3-8779-6D5DEAE95454}.Release|Any CPU.Build.0 = Release|Any CPU
		{4CB2DBF9-7809-41C7-8563-58BEF7405139}.Debug|Any CPU.ActiveCfg = Debug|Any CPU
		{4CB2DBF9-7809-41C7-8563-58BEF7405139}.Debug|Any CPU.Build.0 = Debug|Any CPU
		{4CB2DBF9-7809-41C7-8563-58BEF7405139}.Release|Any CPU.ActiveCfg = Release|Any CPU
		{4CB2DBF9-7809-41C7-8563-58BEF7405139}.Release|Any CPU.Build.0 = Release|Any CPU
	EndGlobalSection
EndGlobal
